hash: 5d8b4db88e29a7095440707b96e55cafed00fd98a32293b4b54950797a54f9bc
updated: 2017-02-15T00:55:54.619709972-05:00
imports:
- name: github.com/beorn7/perks
  version: 4c0e84591b9aa9e6dcfdf3e020114cd81f89d5f9
  subpackages:
  - quantile
- name: github.com/davecgh/go-spew
  version: 6d212800a42e8ab5c146b8ace3490ee17e5225f9
  subpackages:
  - spew
- name: github.com/golang/protobuf
  version: 8ee79997227bf9b34611aee7946ae64735e6fd93
  subpackages:
  - proto
- name: github.com/inconshreveable/mousetrap
  version: 76626ae9c91c4f2a10f34cad8ce83ea42c93bb75
- name: github.com/julienschmidt/httprouter
  version: 8c199fb6259ffc1af525cc3ad52ee60ba8359669
- name: github.com/matttproud/golang_protobuf_extensions
  version: c12348ce28de40eed0136aa2b644d0ee0650e56c
  subpackages:
  - pbutil
- name: github.com/mendsley/gojwk
  version: 4d5ec6e58103388d6cb0d7d72bc72649be4f0504
- name: github.com/minio/sha256-simd
  version: e82e73b775766b9011503e80e6772fc32b9afc5b
- name: github.com/pmezard/go-difflib
  version: d8ed2627bdf02c080bf22230dbb337003b7aba2d
  subpackages:
  - difflib
- name: github.com/prometheus/client_golang
  version: c5b7fccd204277076155f10851dad72b76a49317
  subpackages:
  - prometheus
- name: github.com/prometheus/client_model
  version: fa8ad6fec33561be4280a8f0514318c79d7f6cb6
  subpackages:
  - go
- name: github.com/prometheus/common
  version: dd2f054febf4a6c00f2343686efb775948a8bff4
  subpackages:
  - expfmt
  - internal/bitbucket.org/ww/goautoneg
  - model
- name: github.com/prometheus/procfs
  version: fcdb11ccb4389efb1b210b7ffb623ab71c5fdd60
- name: github.com/SermoDigital/jose
  version: f6df55f235c24f236d11dbcf665249a59ac2021f
  subpackages:
  - crypto
  - jws
  - jwt
- name: github.com/Sirupsen/logrus
  version: c078b1e43f58d563c74cebe63c85789e76ddb627
- name: github.com/spf13/cobra
  version: 0f056af21f5f368e5b0646079d0094a2c64150f7
- name: github.com/spf13/pflag
  version: a9a634f3de0a7529baded7ad6b0c7467d5c6eca7
- name: github.com/stretchr/testify
  version: 69483b4bd14f5845b5a1e55bca19e954e827f1d0
  subpackages:
  - assert
  - require
- name: github.com/tylerb/graceful
  version: 4654dfbb6ad53cb5e27f37d99b02e16c1872fbbb
- name: golang.org/x/sys
  version: d75a52659825e75fff6158388dddc6a5b04f9ba5
  subpackages:
  - unix
- name: gopkg.in/yaml.v2
  version: 4c78c975fe7c825c6d1466c42be594d1d6f3aba6
testImports: []
