hash: e8448ad158195e6a06bfbb26d2de901d532f3ef1138fc93614e33dfe30ec0f14
updated: 2016-03-29T13:52:59.263230237+01:00
imports:
- name: github.com/chihaya/bencode
  version: 3c485a8d166ff6a79baba90c2c2da01c8348e930
- name: github.com/coreos/go-oidc
  version: ec2746d2ccb220e81c41b0b0cb2d4a1cc23f7950
  subpackages:
  - http
  - jose
- name: github.com/coreos/go-systemd
  version: dd4f6b87c2a80813d1a01790344322da19ff195e
  subpackages:
  - journal
- name: github.com/coreos/pkg
  version: 2c77715c4df99b5420ffcae14ead08f52104065d
  subpackages:
  - capnslog
- name: github.com/golang/glog
  version: fca8c8854093a154ff1eb580aae10276ad6b1b5f
- name: github.com/julienschmidt/httprouter
  version: 21439ef4d70ba4f3e2a5ed9249e7b03af4019b40
- name: github.com/pushrax/bufferpool
  version: 7d6e1653dee10a165d1f357f3a57bc8031e9621b
- name: github.com/pushrax/faststats
  version: 0fc2c5e41a187240ffaa09320eea7df9f8071388
- name: github.com/pushrax/flatjson
  version: 86044f1c998d49053e13293029414ddb63f3a422
- name: github.com/tylerb/graceful
  version: 48afeb21e2fcbcff0f30bd5ad6b97747b0fae38e
- name: golang.org/x/net
  version: 520af5de654dc4dd4f0f65aa40e66dbbd9043df1
  subpackages:
  - netutil
devImports: []
